// !$*UTF8*$!
{
	archiveVersion = 1;
	classes = {
	};
	objectVersion = 50;
	objects = {

/* Begin PBXBuildFile section */
		35101F5222E9130800A29C73 /* AppDelegate.swift in Sources */ = {isa = PBXBuildFile; fileRef = 35101F5122E9130800A29C73 /* AppDelegate.swift */; };
		35101F5922E9130E00A29C73 /* Assets.xcassets in Resources */ = {isa = PBXBuildFile; fileRef = 35101F5822E9130E00A29C73 /* Assets.xcassets */; };
		35101F5C22E9130E00A29C73 /* LaunchScreen.storyboard in Resources */ = {isa = PBXBuildFile; fileRef = 35101F5A22E9130E00A29C73 /* LaunchScreen.storyboard */; };
		35101F6722E9130F00A29C73 /* Beans_To_GoTests.swift in Sources */ = {isa = PBXBuildFile; fileRef = 35101F6622E9130F00A29C73 /* Beans_To_GoTests.swift */; };
		35101F7222E9130F00A29C73 /* Beans_To_GoUITests.swift in Sources */ = {isa = PBXBuildFile; fileRef = 35101F7122E9130F00A29C73 /* Beans_To_GoUITests.swift */; };
		35101F8022E91AD700A29C73 /* HomeViewController.swift in Sources */ = {isa = PBXBuildFile; fileRef = 35101F7F22E91AD700A29C73 /* HomeViewController.swift */; };
		35101F8222E91D8800A29C73 /* MeetingTableViewCell.swift in Sources */ = {isa = PBXBuildFile; fileRef = 35101F8122E91D8800A29C73 /* MeetingTableViewCell.swift */; };
		3552170122E92DB70071EFAE /* OpenSans-SemiBold.ttf in Resources */ = {isa = PBXBuildFile; fileRef = 355216F622E92DB70071EFAE /* OpenSans-SemiBold.ttf */; };
		3552170222E92DB70071EFAE /* OpenSans-Light.ttf in Resources */ = {isa = PBXBuildFile; fileRef = 355216F722E92DB70071EFAE /* OpenSans-Light.ttf */; };
		3552170322E92DB70071EFAE /* OpenSans-ExtraBold.ttf in Resources */ = {isa = PBXBuildFile; fileRef = 355216F822E92DB70071EFAE /* OpenSans-ExtraBold.ttf */; };
		3552170422E92DB70071EFAE /* OpenSans-LightItalic.ttf in Resources */ = {isa = PBXBuildFile; fileRef = 355216F922E92DB70071EFAE /* OpenSans-LightItalic.ttf */; };
		3552170522E92DB70071EFAE /* OpenSans-Bold.ttf in Resources */ = {isa = PBXBuildFile; fileRef = 355216FA22E92DB70071EFAE /* OpenSans-Bold.ttf */; };
		3552170622E92DB70071EFAE /* OpenSans-SemiBoldItalic.ttf in Resources */ = {isa = PBXBuildFile; fileRef = 355216FB22E92DB70071EFAE /* OpenSans-SemiBoldItalic.ttf */; };
		3552170722E92DB70071EFAE /* OpenSans-RegularItalic.ttf in Resources */ = {isa = PBXBuildFile; fileRef = 355216FC22E92DB70071EFAE /* OpenSans-RegularItalic.ttf */; };
		3552170822E92DB70071EFAE /* OpenSans-ExtraBoldItalic.ttf in Resources */ = {isa = PBXBuildFile; fileRef = 355216FD22E92DB70071EFAE /* OpenSans-ExtraBoldItalic.ttf */; };
		3552170922E92DB70071EFAE /* LICENSE.txt in Resources */ = {isa = PBXBuildFile; fileRef = 355216FE22E92DB70071EFAE /* LICENSE.txt */; };
		3552170A22E92DB70071EFAE /* OpenSans-Regular.ttf in Resources */ = {isa = PBXBuildFile; fileRef = 355216FF22E92DB70071EFAE /* OpenSans-Regular.ttf */; };
		3552170B22E92DB70071EFAE /* OpenSans-BoldItalic.ttf in Resources */ = {isa = PBXBuildFile; fileRef = 3552170022E92DB70071EFAE /* OpenSans-BoldItalic.ttf */; };
		3552170D22E9300A0071EFAE /* UIFont+.swift in Sources */ = {isa = PBXBuildFile; fileRef = 3552170C22E9300A0071EFAE /* UIFont+.swift */; };
		3552170F22E934730071EFAE /* CALayer+.swift in Sources */ = {isa = PBXBuildFile; fileRef = 3552170E22E934730071EFAE /* CALayer+.swift */; };
/* End PBXBuildFile section */

/* Begin PBXContainerItemProxy section */
		35101F6322E9130F00A29C73 /* PBXContainerItemProxy */ = {
			isa = PBXContainerItemProxy;
			containerPortal = 35101F4622E9130800A29C73 /* Project object */;
			proxyType = 1;
			remoteGlobalIDString = 35101F4D22E9130800A29C73;
			remoteInfo = "Beans To Go";
		};
		35101F6E22E9130F00A29C73 /* PBXContainerItemProxy */ = {
			isa = PBXContainerItemProxy;
			containerPortal = 35101F4622E9130800A29C73 /* Project object */;
			proxyType = 1;
			remoteGlobalIDString = 35101F4D22E9130800A29C73;
			remoteInfo = "Beans To Go";
		};
/* End PBXContainerItemProxy section */

/* Begin PBXFileReference section */
		35101F4E22E9130800A29C73 /* BeansToGo.app */ = {isa = PBXFileReference; explicitFileType = wrapper.application; includeInIndex = 0; path = BeansToGo.app; sourceTree = BUILT_PRODUCTS_DIR; };
		35101F5122E9130800A29C73 /* AppDelegate.swift */ = {isa = PBXFileReference; lastKnownFileType = sourcecode.swift; path = AppDelegate.swift; sourceTree = "<group>"; };
		35101F5822E9130E00A29C73 /* Assets.xcassets */ = {isa = PBXFileReference; lastKnownFileType = folder.assetcatalog; path = Assets.xcassets; sourceTree = "<group>"; };
		35101F5B22E9130E00A29C73 /* Base */ = {isa = PBXFileReference; lastKnownFileType = file.storyboard; name = Base; path = Base.lproj/LaunchScreen.storyboard; sourceTree = "<group>"; };
		35101F5D22E9130E00A29C73 /* Info.plist */ = {isa = PBXFileReference; lastKnownFileType = text.plist.xml; path = Info.plist; sourceTree = "<group>"; };
		35101F6222E9130F00A29C73 /* BeansToGoTests.xctest */ = {isa = PBXFileReference; explicitFileType = wrapper.cfbundle; includeInIndex = 0; path = BeansToGoTests.xctest; sourceTree = BUILT_PRODUCTS_DIR; };
		35101F6622E9130F00A29C73 /* Beans_To_GoTests.swift */ = {isa = PBXFileReference; lastKnownFileType = sourcecode.swift; path = Beans_To_GoTests.swift; sourceTree = "<group>"; };
		35101F6822E9130F00A29C73 /* Info.plist */ = {isa = PBXFileReference; lastKnownFileType = text.plist.xml; path = Info.plist; sourceTree = "<group>"; };
		35101F6D22E9130F00A29C73 /* BeansToGoUITests.xctest */ = {isa = PBXFileReference; explicitFileType = wrapper.cfbundle; includeInIndex = 0; path = BeansToGoUITests.xctest; sourceTree = BUILT_PRODUCTS_DIR; };
		35101F7122E9130F00A29C73 /* Beans_To_GoUITests.swift */ = {isa = PBXFileReference; lastKnownFileType = sourcecode.swift; path = Beans_To_GoUITests.swift; sourceTree = "<group>"; };
		35101F7322E9130F00A29C73 /* Info.plist */ = {isa = PBXFileReference; lastKnownFileType = text.plist.xml; path = Info.plist; sourceTree = "<group>"; };
		35101F7F22E91AD700A29C73 /* HomeViewController.swift */ = {isa = PBXFileReference; fileEncoding = 4; lastKnownFileType = sourcecode.swift; path = HomeViewController.swift; sourceTree = "<group>"; };
		35101F8122E91D8800A29C73 /* MeetingTableViewCell.swift */ = {isa = PBXFileReference; lastKnownFileType = sourcecode.swift; path = MeetingTableViewCell.swift; sourceTree = "<group>"; };
		355216F622E92DB70071EFAE /* OpenSans-SemiBold.ttf */ = {isa = PBXFileReference; lastKnownFileType = file; path = "OpenSans-SemiBold.ttf"; sourceTree = "<group>"; };
		355216F722E92DB70071EFAE /* OpenSans-Light.ttf */ = {isa = PBXFileReference; lastKnownFileType = file; path = "OpenSans-Light.ttf"; sourceTree = "<group>"; };
		355216F822E92DB70071EFAE /* OpenSans-ExtraBold.ttf */ = {isa = PBXFileReference; lastKnownFileType = file; path = "OpenSans-ExtraBold.ttf"; sourceTree = "<group>"; };
		355216F922E92DB70071EFAE /* OpenSans-LightItalic.ttf */ = {isa = PBXFileReference; lastKnownFileType = file; path = "OpenSans-LightItalic.ttf"; sourceTree = "<group>"; };
		355216FA22E92DB70071EFAE /* OpenSans-Bold.ttf */ = {isa = PBXFileReference; lastKnownFileType = file; path = "OpenSans-Bold.ttf"; sourceTree = "<group>"; };
		355216FB22E92DB70071EFAE /* OpenSans-SemiBoldItalic.ttf */ = {isa = PBXFileReference; lastKnownFileType = file; path = "OpenSans-SemiBoldItalic.ttf"; sourceTree = "<group>"; };
		355216FC22E92DB70071EFAE /* OpenSans-RegularItalic.ttf */ = {isa = PBXFileReference; lastKnownFileType = file; path = "OpenSans-RegularItalic.ttf"; sourceTree = "<group>"; };
		355216FD22E92DB70071EFAE /* OpenSans-ExtraBoldItalic.ttf */ = {isa = PBXFileReference; lastKnownFileType = file; path = "OpenSans-ExtraBoldItalic.ttf"; sourceTree = "<group>"; };
		355216FE22E92DB70071EFAE /* LICENSE.txt */ = {isa = PBXFileReference; fileEncoding = 4; lastKnownFileType = text; path = LICENSE.txt; sourceTree = "<group>"; };
		355216FF22E92DB70071EFAE /* OpenSans-Regular.ttf */ = {isa = PBXFileReference; lastKnownFileType = file; path = "OpenSans-Regular.ttf"; sourceTree = "<group>"; };
		3552170022E92DB70071EFAE /* OpenSans-BoldItalic.ttf */ = {isa = PBXFileReference; lastKnownFileType = file; path = "OpenSans-BoldItalic.ttf"; sourceTree = "<group>"; };
		3552170C22E9300A0071EFAE /* UIFont+.swift */ = {isa = PBXFileReference; lastKnownFileType = sourcecode.swift; path = "UIFont+.swift"; sourceTree = "<group>"; };
		3552170E22E934730071EFAE /* CALayer+.swift */ = {isa = PBXFileReference; lastKnownFileType = sourcecode.swift; path = "CALayer+.swift"; sourceTree = "<group>"; };
/* End PBXFileReference section */

/* Begin PBXFrameworksBuildPhase section */
		35101F4B22E9130800A29C73 /* Frameworks */ = {
			isa = PBXFrameworksBuildPhase;
			buildActionMask = 2147483647;
			files = (
			);
			runOnlyForDeploymentPostprocessing = 0;
		};
		35101F5F22E9130F00A29C73 /* Frameworks */ = {
			isa = PBXFrameworksBuildPhase;
			buildActionMask = 2147483647;
			files = (
			);
			runOnlyForDeploymentPostprocessing = 0;
		};
		35101F6A22E9130F00A29C73 /* Frameworks */ = {
			isa = PBXFrameworksBuildPhase;
			buildActionMask = 2147483647;
			files = (
			);
			runOnlyForDeploymentPostprocessing = 0;
		};
/* End PBXFrameworksBuildPhase section */

/* Begin PBXGroup section */
		35101F4522E9130800A29C73 = {
			isa = PBXGroup;
			children = (
				35101F5022E9130800A29C73 /* BeansToGo */,
				35101F6522E9130F00A29C73 /* Beans To GoTests */,
				35101F7022E9130F00A29C73 /* Beans To GoUITests */,
				35101F4F22E9130800A29C73 /* Products */,
			);
			sourceTree = "<group>";
		};
		35101F4F22E9130800A29C73 /* Products */ = {
			isa = PBXGroup;
			children = (
				35101F4E22E9130800A29C73 /* BeansToGo.app */,
				35101F6222E9130F00A29C73 /* BeansToGoTests.xctest */,
				35101F6D22E9130F00A29C73 /* BeansToGoUITests.xctest */,
			);
			name = Products;
			sourceTree = "<group>";
		};
		35101F5022E9130800A29C73 /* BeansToGo */ = {
			isa = PBXGroup;
			children = (
				355216F522E92DB70071EFAE /* Open_Sans */,
				35101F5122E9130800A29C73 /* AppDelegate.swift */,
				35101F7F22E91AD700A29C73 /* HomeViewController.swift */,
				35101F8122E91D8800A29C73 /* MeetingTableViewCell.swift */,
				3552170C22E9300A0071EFAE /* UIFont+.swift */,
				3552170E22E934730071EFAE /* CALayer+.swift */,
				35101F5822E9130E00A29C73 /* Assets.xcassets */,
				35101F5A22E9130E00A29C73 /* LaunchScreen.storyboard */,
				35101F5D22E9130E00A29C73 /* Info.plist */,
			);
			path = BeansToGo;
			sourceTree = "<group>";
		};
		35101F6522E9130F00A29C73 /* Beans To GoTests */ = {
			isa = PBXGroup;
			children = (
				35101F6622E9130F00A29C73 /* Beans_To_GoTests.swift */,
				35101F6822E9130F00A29C73 /* Info.plist */,
			);
			path = "Beans To GoTests";
			sourceTree = "<group>";
		};
		35101F7022E9130F00A29C73 /* Beans To GoUITests */ = {
			isa = PBXGroup;
			children = (
				35101F7122E9130F00A29C73 /* Beans_To_GoUITests.swift */,
				35101F7322E9130F00A29C73 /* Info.plist */,
			);
			path = "Beans To GoUITests";
			sourceTree = "<group>";
		};
		355216F522E92DB70071EFAE /* Open_Sans */ = {
			isa = PBXGroup;
			children = (
				355216F622E92DB70071EFAE /* OpenSans-SemiBold.ttf */,
				355216F722E92DB70071EFAE /* OpenSans-Light.ttf */,
				355216F822E92DB70071EFAE /* OpenSans-ExtraBold.ttf */,
				355216F922E92DB70071EFAE /* OpenSans-LightItalic.ttf */,
				355216FA22E92DB70071EFAE /* OpenSans-Bold.ttf */,
				355216FB22E92DB70071EFAE /* OpenSans-SemiBoldItalic.ttf */,
				355216FC22E92DB70071EFAE /* OpenSans-RegularItalic.ttf */,
				355216FD22E92DB70071EFAE /* OpenSans-ExtraBoldItalic.ttf */,
				355216FE22E92DB70071EFAE /* LICENSE.txt */,
				355216FF22E92DB70071EFAE /* OpenSans-Regular.ttf */,
				3552170022E92DB70071EFAE /* OpenSans-BoldItalic.ttf */,
			);
			path = Open_Sans;
			sourceTree = "<group>";
		};
/* End PBXGroup section */

/* Begin PBXNativeTarget section */
		35101F4D22E9130800A29C73 /* BeansToGo */ = {
			isa = PBXNativeTarget;
			buildConfigurationList = 35101F7622E9130F00A29C73 /* Build configuration list for PBXNativeTarget "BeansToGo" */;
			buildPhases = (
				35101F4A22E9130800A29C73 /* Sources */,
				35101F4B22E9130800A29C73 /* Frameworks */,
				35101F4C22E9130800A29C73 /* Resources */,
			);
			buildRules = (
			);
			dependencies = (
			);
			name = BeansToGo;
			productName = "Beans To Go";
			productReference = 35101F4E22E9130800A29C73 /* BeansToGo.app */;
			productType = "com.apple.product-type.application";
		};
		35101F6122E9130F00A29C73 /* BeansToGoTests */ = {
			isa = PBXNativeTarget;
			buildConfigurationList = 35101F7922E9130F00A29C73 /* Build configuration list for PBXNativeTarget "BeansToGoTests" */;
			buildPhases = (
				35101F5E22E9130F00A29C73 /* Sources */,
				35101F5F22E9130F00A29C73 /* Frameworks */,
				35101F6022E9130F00A29C73 /* Resources */,
			);
			buildRules = (
			);
			dependencies = (
				35101F6422E9130F00A29C73 /* PBXTargetDependency */,
			);
			name = BeansToGoTests;
			productName = "Beans To GoTests";
			productReference = 35101F6222E9130F00A29C73 /* BeansToGoTests.xctest */;
			productType = "com.apple.product-type.bundle.unit-test";
		};
		35101F6C22E9130F00A29C73 /* BeansToGoUITests */ = {
			isa = PBXNativeTarget;
			buildConfigurationList = 35101F7C22E9130F00A29C73 /* Build configuration list for PBXNativeTarget "BeansToGoUITests" */;
			buildPhases = (
				35101F6922E9130F00A29C73 /* Sources */,
				35101F6A22E9130F00A29C73 /* Frameworks */,
				35101F6B22E9130F00A29C73 /* Resources */,
			);
			buildRules = (
			);
			dependencies = (
				35101F6F22E9130F00A29C73 /* PBXTargetDependency */,
			);
			name = BeansToGoUITests;
			productName = "Beans To GoUITests";
			productReference = 35101F6D22E9130F00A29C73 /* BeansToGoUITests.xctest */;
			productType = "com.apple.product-type.bundle.ui-testing";
		};
/* End PBXNativeTarget section */

/* Begin PBXProject section */
		35101F4622E9130800A29C73 /* Project object */ = {
			isa = PBXProject;
			attributes = {
				LastSwiftUpdateCheck = 1020;
				LastUpgradeCheck = 1020;
				ORGANIZATIONNAME = "Jack Thompson";
				TargetAttributes = {
					35101F4D22E9130800A29C73 = {
						CreatedOnToolsVersion = 10.2.1;
					};
					35101F6122E9130F00A29C73 = {
						CreatedOnToolsVersion = 10.2.1;
						TestTargetID = 35101F4D22E9130800A29C73;
					};
					35101F6C22E9130F00A29C73 = {
						CreatedOnToolsVersion = 10.2.1;
						TestTargetID = 35101F4D22E9130800A29C73;
					};
				};
			};
			buildConfigurationList = 35101F4922E9130800A29C73 /* Build configuration list for PBXProject "BeansToGo" */;
			compatibilityVersion = "Xcode 9.3";
			developmentRegion = en;
			hasScannedForEncodings = 0;
			knownRegions = (
				en,
				Base,
			);
			mainGroup = 35101F4522E9130800A29C73;
			productRefGroup = 35101F4F22E9130800A29C73 /* Products */;
			projectDirPath = "";
			projectRoot = "";
			targets = (
				35101F4D22E9130800A29C73 /* BeansToGo */,
				35101F6122E9130F00A29C73 /* BeansToGoTests */,
				35101F6C22E9130F00A29C73 /* BeansToGoUITests */,
			);
		};
/* End PBXProject section */

/* Begin PBXResourcesBuildPhase section */
		35101F4C22E9130800A29C73 /* Resources */ = {
			isa = PBXResourcesBuildPhase;
			buildActionMask = 2147483647;
			files = (
				3552170922E92DB70071EFAE /* LICENSE.txt in Resources */,
				3552170622E92DB70071EFAE /* OpenSans-SemiBoldItalic.ttf in Resources */,
				35101F5C22E9130E00A29C73 /* LaunchScreen.storyboard in Resources */,
				3552170522E92DB70071EFAE /* OpenSans-Bold.ttf in Resources */,
				3552170722E92DB70071EFAE /* OpenSans-RegularItalic.ttf in Resources */,
				3552170122E92DB70071EFAE /* OpenSans-SemiBold.ttf in Resources */,
				3552170422E92DB70071EFAE /* OpenSans-LightItalic.ttf in Resources */,
				3552170222E92DB70071EFAE /* OpenSans-Light.ttf in Resources */,
				3552170B22E92DB70071EFAE /* OpenSans-BoldItalic.ttf in Resources */,
				3552170822E92DB70071EFAE /* OpenSans-ExtraBoldItalic.ttf in Resources */,
				35101F5922E9130E00A29C73 /* Assets.xcassets in Resources */,
				3552170A22E92DB70071EFAE /* OpenSans-Regular.ttf in Resources */,
				3552170322E92DB70071EFAE /* OpenSans-ExtraBold.ttf in Resources */,
			);
			runOnlyForDeploymentPostprocessing = 0;
		};
		35101F6022E9130F00A29C73 /* Resources */ = {
			isa = PBXResourcesBuildPhase;
			buildActionMask = 2147483647;
			files = (
			);
			runOnlyForDeploymentPostprocessing = 0;
		};
		35101F6B22E9130F00A29C73 /* Resources */ = {
			isa = PBXResourcesBuildPhase;
			buildActionMask = 2147483647;
			files = (
			);
			runOnlyForDeploymentPostprocessing = 0;
		};
/* End PBXResourcesBuildPhase section */

/* Begin PBXSourcesBuildPhase section */
		35101F4A22E9130800A29C73 /* Sources */ = {
			isa = PBXSourcesBuildPhase;
			buildActionMask = 2147483647;
			files = (
				3552170D22E9300A0071EFAE /* UIFont+.swift in Sources */,
				35101F8022E91AD700A29C73 /* HomeViewController.swift in Sources */,
				35101F8222E91D8800A29C73 /* MeetingTableViewCell.swift in Sources */,
				3552170F22E934730071EFAE /* CALayer+.swift in Sources */,
				35101F5222E9130800A29C73 /* AppDelegate.swift in Sources */,
			);
			runOnlyForDeploymentPostprocessing = 0;
		};
		35101F5E22E9130F00A29C73 /* Sources */ = {
			isa = PBXSourcesBuildPhase;
			buildActionMask = 2147483647;
			files = (
				35101F6722E9130F00A29C73 /* Beans_To_GoTests.swift in Sources */,
			);
			runOnlyForDeploymentPostprocessing = 0;
		};
		35101F6922E9130F00A29C73 /* Sources */ = {
			isa = PBXSourcesBuildPhase;
			buildActionMask = 2147483647;
			files = (
				35101F7222E9130F00A29C73 /* Beans_To_GoUITests.swift in Sources */,
			);
			runOnlyForDeploymentPostprocessing = 0;
		};
/* End PBXSourcesBuildPhase section */

/* Begin PBXTargetDependency section */
		35101F6422E9130F00A29C73 /* PBXTargetDependency */ = {
			isa = PBXTargetDependency;
			target = 35101F4D22E9130800A29C73 /* BeansToGo */;
			targetProxy = 35101F6322E9130F00A29C73 /* PBXContainerItemProxy */;
		};
		35101F6F22E9130F00A29C73 /* PBXTargetDependency */ = {
			isa = PBXTargetDependency;
			target = 35101F4D22E9130800A29C73 /* BeansToGo */;
			targetProxy = 35101F6E22E9130F00A29C73 /* PBXContainerItemProxy */;
		};
/* End PBXTargetDependency section */

/* Begin PBXVariantGroup section */
		35101F5A22E9130E00A29C73 /* LaunchScreen.storyboard */ = {
			isa = PBXVariantGroup;
			children = (
				35101F5B22E9130E00A29C73 /* Base */,
			);
			name = LaunchScreen.storyboard;
			sourceTree = "<group>";
		};
/* End PBXVariantGroup section */

/* Begin XCBuildConfiguration section */
		35101F7422E9130F00A29C73 /* Debug */ = {
			isa = XCBuildConfiguration;
			buildSettings = {
				ALWAYS_SEARCH_USER_PATHS = NO;
				CLANG_ANALYZER_NONNULL = YES;
				CLANG_ANALYZER_NUMBER_OBJECT_CONVERSION = YES_AGGRESSIVE;
				CLANG_CXX_LANGUAGE_STANDARD = "gnu++14";
				CLANG_CXX_LIBRARY = "libc++";
				CLANG_ENABLE_MODULES = YES;
				CLANG_ENABLE_OBJC_ARC = YES;
				CLANG_ENABLE_OBJC_WEAK = YES;
				CLANG_WARN_BLOCK_CAPTURE_AUTORELEASING = YES;
				CLANG_WARN_BOOL_CONVERSION = YES;
				CLANG_WARN_COMMA = YES;
				CLANG_WARN_CONSTANT_CONVERSION = YES;
				CLANG_WARN_DEPRECATED_OBJC_IMPLEMENTATIONS = YES;
				CLANG_WARN_DIRECT_OBJC_ISA_USAGE = YES_ERROR;
				CLANG_WARN_DOCUMENTATION_COMMENTS = YES;
				CLANG_WARN_EMPTY_BODY = YES;
				CLANG_WARN_ENUM_CONVERSION = YES;
				CLANG_WARN_INFINITE_RECURSION = YES;
				CLANG_WARN_INT_CONVERSION = YES;
				CLANG_WARN_NON_LITERAL_NULL_CONVERSION = YES;
				CLANG_WARN_OBJC_IMPLICIT_RETAIN_SELF = YES;
				CLANG_WARN_OBJC_LITERAL_CONVERSION = YES;
				CLANG_WARN_OBJC_ROOT_CLASS = YES_ERROR;
				CLANG_WARN_RANGE_LOOP_ANALYSIS = YES;
				CLANG_WARN_STRICT_PROTOTYPES = YES;
				CLANG_WARN_SUSPICIOUS_MOVE = YES;
				CLANG_WARN_UNGUARDED_AVAILABILITY = YES_AGGRESSIVE;
				CLANG_WARN_UNREACHABLE_CODE = YES;
				CLANG_WARN__DUPLICATE_METHOD_MATCH = YES;
				CODE_SIGN_IDENTITY = "iPhone Developer";
				COPY_PHASE_STRIP = NO;
				DEBUG_INFORMATION_FORMAT = dwarf;
				ENABLE_STRICT_OBJC_MSGSEND = YES;
				ENABLE_TESTABILITY = YES;
				GCC_C_LANGUAGE_STANDARD = gnu11;
				GCC_DYNAMIC_NO_PIC = NO;
				GCC_NO_COMMON_BLOCKS = YES;
				GCC_OPTIMIZATION_LEVEL = 0;
				GCC_PREPROCESSOR_DEFINITIONS = (
					"DEBUG=1",
					"$(inherited)",
				);
				GCC_WARN_64_TO_32_BIT_CONVERSION = YES;
				GCC_WARN_ABOUT_RETURN_TYPE = YES_ERROR;
				GCC_WARN_UNDECLARED_SELECTOR = YES;
				GCC_WARN_UNINITIALIZED_AUTOS = YES_AGGRESSIVE;
				GCC_WARN_UNUSED_FUNCTION = YES;
				GCC_WARN_UNUSED_VARIABLE = YES;
				IPHONEOS_DEPLOYMENT_TARGET = 12.2;
				MTL_ENABLE_DEBUG_INFO = INCLUDE_SOURCE;
				MTL_FAST_MATH = YES;
				ONLY_ACTIVE_ARCH = YES;
				SDKROOT = iphoneos;
				SWIFT_ACTIVE_COMPILATION_CONDITIONS = DEBUG;
				SWIFT_OPTIMIZATION_LEVEL = "-Onone";
			};
			name = Debug;
		};
		35101F7522E9130F00A29C73 /* Release */ = {
			isa = XCBuildConfiguration;
			buildSettings = {
				ALWAYS_SEARCH_USER_PATHS = NO;
				CLANG_ANALYZER_NONNULL = YES;
				CLANG_ANALYZER_NUMBER_OBJECT_CONVERSION = YES_AGGRESSIVE;
				CLANG_CXX_LANGUAGE_STANDARD = "gnu++14";
				CLANG_CXX_LIBRARY = "libc++";
				CLANG_ENABLE_MODULES = YES;
				CLANG_ENABLE_OBJC_ARC = YES;
				CLANG_ENABLE_OBJC_WEAK = YES;
				CLANG_WARN_BLOCK_CAPTURE_AUTORELEASING = YES;
				CLANG_WARN_BOOL_CONVERSION = YES;
				CLANG_WARN_COMMA = YES;
				CLANG_WARN_CONSTANT_CONVERSION = YES;
				CLANG_WARN_DEPRECATED_OBJC_IMPLEMENTATIONS = YES;
				CLANG_WARN_DIRECT_OBJC_ISA_USAGE = YES_ERROR;
				CLANG_WARN_DOCUMENTATION_COMMENTS = YES;
				CLANG_WARN_EMPTY_BODY = YES;
				CLANG_WARN_ENUM_CONVERSION = YES;
				CLANG_WARN_INFINITE_RECURSION = YES;
				CLANG_WARN_INT_CONVERSION = YES;
				CLANG_WARN_NON_LITERAL_NULL_CONVERSION = YES;
				CLANG_WARN_OBJC_IMPLICIT_RETAIN_SELF = YES;
				CLANG_WARN_OBJC_LITERAL_CONVERSION = YES;
				CLANG_WARN_OBJC_ROOT_CLASS = YES_ERROR;
				CLANG_WARN_RANGE_LOOP_ANALYSIS = YES;
				CLANG_WARN_STRICT_PROTOTYPES = YES;
				CLANG_WARN_SUSPICIOUS_MOVE = YES;
				CLANG_WARN_UNGUARDED_AVAILABILITY = YES_AGGRESSIVE;
				CLANG_WARN_UNREACHABLE_CODE = YES;
				CLANG_WARN__DUPLICATE_METHOD_MATCH = YES;
				CODE_SIGN_IDENTITY = "iPhone Developer";
				COPY_PHASE_STRIP = NO;
				DEBUG_INFORMATION_FORMAT = "dwarf-with-dsym";
				ENABLE_NS_ASSERTIONS = NO;
				ENABLE_STRICT_OBJC_MSGSEND = YES;
				GCC_C_LANGUAGE_STANDARD = gnu11;
				GCC_NO_COMMON_BLOCKS = YES;
				GCC_WARN_64_TO_32_BIT_CONVERSION = YES;
				GCC_WARN_ABOUT_RETURN_TYPE = YES_ERROR;
				GCC_WARN_UNDECLARED_SELECTOR = YES;
				GCC_WARN_UNINITIALIZED_AUTOS = YES_AGGRESSIVE;
				GCC_WARN_UNUSED_FUNCTION = YES;
				GCC_WARN_UNUSED_VARIABLE = YES;
				IPHONEOS_DEPLOYMENT_TARGET = 12.2;
				MTL_ENABLE_DEBUG_INFO = NO;
				MTL_FAST_MATH = YES;
				SDKROOT = iphoneos;
				SWIFT_COMPILATION_MODE = wholemodule;
				SWIFT_OPTIMIZATION_LEVEL = "-O";
				VALIDATE_PRODUCT = YES;
			};
			name = Release;
		};
		35101F7722E9130F00A29C73 /* Debug */ = {
			isa = XCBuildConfiguration;
			buildSettings = {
				ASSETCATALOG_COMPILER_APPICON_NAME = AppIcon;
				CODE_SIGN_STYLE = Automatic;
				DEVELOPMENT_TEAM = DCUH35SA4H;
				INFOPLIST_FILE = "$(SRCROOT)/BeansToGo/Info.plist";
				LD_RUNPATH_SEARCH_PATHS = (
					"$(inherited)",
					"@executable_path/Frameworks",
				);
				PRODUCT_BUNDLE_IDENTIFIER = "jackthompson.Beans-To-Go";
				PRODUCT_NAME = "$(TARGET_NAME)";
				SWIFT_VERSION = 5.0;
				TARGETED_DEVICE_FAMILY = "1,2";
			};
			name = Debug;
		};
		35101F7822E9130F00A29C73 /* Release */ = {
			isa = XCBuildConfiguration;
			buildSettings = {
				ASSETCATALOG_COMPILER_APPICON_NAME = AppIcon;
				CODE_SIGN_STYLE = Automatic;
				DEVELOPMENT_TEAM = DCUH35SA4H;
				INFOPLIST_FILE = "$(SRCROOT)/BeansToGo/Info.plist";
				LD_RUNPATH_SEARCH_PATHS = (
					"$(inherited)",
					"@executable_path/Frameworks",
				);
				PRODUCT_BUNDLE_IDENTIFIER = "jackthompson.Beans-To-Go";
				PRODUCT_NAME = "$(TARGET_NAME)";
				SWIFT_VERSION = 5.0;
				TARGETED_DEVICE_FAMILY = "1,2";
			};
			name = Release;
		};
		35101F7A22E9130F00A29C73 /* Debug */ = {
			isa = XCBuildConfiguration;
			buildSettings = {
				ALWAYS_EMBED_SWIFT_STANDARD_LIBRARIES = YES;
				BUNDLE_LOADER = "$(TEST_HOST)";
				CODE_SIGN_STYLE = Automatic;
				DEVELOPMENT_TEAM = DCUH35SA4H;
				INFOPLIST_FILE = "Beans To GoTests/Info.plist";
				LD_RUNPATH_SEARCH_PATHS = (
					"$(inherited)",
					"@executable_path/Frameworks",
					"@loader_path/Frameworks",
				);
				PRODUCT_BUNDLE_IDENTIFIER = "jackthompson.Beans-To-GoTests";
				PRODUCT_NAME = "$(TARGET_NAME)";
				SWIFT_VERSION = 5.0;
				TARGETED_DEVICE_FAMILY = "1,2";
				TEST_HOST = "$(BUILT_PRODUCTS_DIR)/BeansToGo.app/BeansToGo";
			};
			name = Debug;
		};
		35101F7B22E9130F00A29C73 /* Release */ = {
			isa = XCBuildConfiguration;
			buildSettings = {
				ALWAYS_EMBED_SWIFT_STANDARD_LIBRARIES = YES;
				BUNDLE_LOADER = "$(TEST_HOST)";
				CODE_SIGN_STYLE = Automatic;
				DEVELOPMENT_TEAM = DCUH35SA4H;
				INFOPLIST_FILE = "Beans To GoTests/Info.plist";
				LD_RUNPATH_SEARCH_PATHS = (
					"$(inherited)",
					"@executable_path/Frameworks",
					"@loader_path/Frameworks",
				);
				PRODUCT_BUNDLE_IDENTIFIER = "jackthompson.Beans-To-GoTests";
				PRODUCT_NAME = "$(TARGET_NAME)";
				SWIFT_VERSION = 5.0;
				TARGETED_DEVICE_FAMILY = "1,2";
				TEST_HOST = "$(BUILT_PRODUCTS_DIR)/BeansToGo.app/BeansToGo";
			};
			name = Release;
		};
		35101F7D22E9130F00A29C73 /* Debug */ = {
			isa = XCBuildConfiguration;
			buildSettings = {
				ALWAYS_EMBED_SWIFT_STANDARD_LIBRARIES = YES;
				CODE_SIGN_STYLE = Automatic;
				DEVELOPMENT_TEAM = DCUH35SA4H;
				INFOPLIST_FILE = "Beans To GoUITests/Info.plist";
				LD_RUNPATH_SEARCH_PATHS = (
					"$(inherited)",
					"@executable_path/Frameworks",
					"@loader_path/Frameworks",
				);
				PRODUCT_BUNDLE_IDENTIFIER = "jackthompson.Beans-To-GoUITests";
				PRODUCT_NAME = "$(TARGET_NAME)";
				SWIFT_VERSION = 5.0;
				TARGETED_DEVICE_FAMILY = "1,2";
				TEST_TARGET_NAME = "Beans To Go";
			};
			name = Debug;
		};
		35101F7E22E9130F00A29C73 /* Release */ = {
			isa = XCBuildConfiguration;
			buildSettings = {
				ALWAYS_EMBED_SWIFT_STANDARD_LIBRARIES = YES;
				CODE_SIGN_STYLE = Automatic;
				DEVELOPMENT_TEAM = DCUH35SA4H;
				INFOPLIST_FILE = "Beans To GoUITests/Info.plist";
				LD_RUNPATH_SEARCH_PATHS = (
					"$(inherited)",
					"@executable_path/Frameworks",
					"@loader_path/Frameworks",
				);
				PRODUCT_BUNDLE_IDENTIFIER = "jackthompson.Beans-To-GoUITests";
				PRODUCT_NAME = "$(TARGET_NAME)";
				SWIFT_VERSION = 5.0;
				TARGETED_DEVICE_FAMILY = "1,2";
				TEST_TARGET_NAME = "Beans To Go";
			};
			name = Release;
		};
/* End XCBuildConfiguration section */

/* Begin XCConfigurationList section */
		35101F4922E9130800A29C73 /* Build configuration list for PBXProject "BeansToGo" */ = {
			isa = XCConfigurationList;
			buildConfigurations = (
				35101F7422E9130F00A29C73 /* Debug */,
				35101F7522E9130F00A29C73 /* Release */,
			);
			defaultConfigurationIsVisible = 0;
			defaultConfigurationName = Release;
		};
		35101F7622E9130F00A29C73 /* Build configuration list for PBXNativeTarget "BeansToGo" */ = {
			isa = XCConfigurationList;
			buildConfigurations = (
				35101F7722E9130F00A29C73 /* Debug */,
				35101F7822E9130F00A29C73 /* Release */,
			);
			defaultConfigurationIsVisible = 0;
			defaultConfigurationName = Release;
		};
		35101F7922E9130F00A29C73 /* Build configuration list for PBXNativeTarget "BeansToGoTests" */ = {
			isa = XCConfigurationList;
			buildConfigurations = (
				35101F7A22E9130F00A29C73 /* Debug */,
				35101F7B22E9130F00A29C73 /* Release */,
			);
			defaultConfigurationIsVisible = 0;
			defaultConfigurationName = Release;
		};
		35101F7C22E9130F00A29C73 /* Build configuration list for PBXNativeTarget "BeansToGoUITests" */ = {
			isa = XCConfigurationList;
			buildConfigurations = (
				35101F7D22E9130F00A29C73 /* Debug */,
				35101F7E22E9130F00A29C73 /* Release */,
			);
			defaultConfigurationIsVisible = 0;
			defaultConfigurationName = Release;
		};
/* End XCConfigurationList section */
	};
	rootObject = 35101F4622E9130800A29C73 /* Project object */;
}
